
Microsoft Visual Studio Solution File, Format Version 12.00
# Visual Studio Version 16
VisualStudioVersion = 16.0.30309.148
MinimumVisualStudioVersion = 10.0.40219.1
Project("{FAE04EC0-301F-11D3-BF4B-00C04F79EFBC}") = "Orchestrator", "Orchestrator\Orchestrator.csproj", "{AFC127BF-AA65-4650-983F-BCF726FA95FB}"
EndProject
Global
	GlobalSection(SolutionConfigurationPlatforms) = preSolution
		Debug|Any CPU = Debug|Any CPU
		Release|Any CPU = Release|Any CPU
	EndGlobalSection
	GlobalSection(ProjectConfigurationPlatforms) = postSolution
		{AFC127BF-AA65-4650-983F-BCF726FA95FB}.Debug|Any CPU.ActiveCfg = Debug|Any CPU
		{AFC127BF-AA65-4650-983F-BCF726FA95FB}.Debug|Any CPU.Build.0 = Debug|Any CPU
		{AFC127BF-AA65-4650-983F-BCF726FA95FB}.Release|Any CPU.ActiveCfg = Release|Any CPU
		{AFC127BF-AA65-4650-983F-BCF726FA95FB}.Release|Any CPU.Build.0 = Release|Any CPU
	EndGlobalSection
	GlobalSection(SolutionProperties) = preSolution
		HideSolutionNode = FALSE
	EndGlobalSection
	GlobalSection(ExtensibilityGlobals) = postSolution
		SolutionGuid = {C75A239A-AA0D-4E52-99F1-1FC7BE27A83A}
	EndGlobalSection
EndGlobal
